
Microsoft Visual Studio Solution File, Format Version 12.00
# Visual Studio 14
VisualStudioVersion = 14.0.25420.1
MinimumVisualStudioVersion = 10.0.40219.1
Project("{FAE04EC0-301F-11D3-BF4B-00C04F79EFBC}") = "KeyboardSynchronizer", "KeyboardSynchronizer\KeyboardSynchronizer.csproj", "{FF68FA64-AE6D-4DAB-B0CF-C7675228C61F}"
EndProject
Project("{FAE04EC0-301F-11D3-BF4B-00C04F79EFBC}") = "WebThings", "WebThings\WebThings.csproj", "{3260498C-332B-4E21-A2D0-B9ACA7B8C1AA}"
EndProject
Project("{FAE04EC0-301F-11D3-BF4B-00C04F79EFBC}") = "Gods", "Gods\Gods.csproj", "{CC8D063D-E023-4950-AAB9-3F0F9F40DB59}"
EndProject
Project("{FAE04EC0-301F-11D3-BF4B-00C04F79EFBC}") = "Gods.System", "Gods.System\Gods.System.csproj", "{B3C33718-4533-4885-B7F4-2F7CF187A6CF}"
EndProject
Project("{FAE04EC0-301F-11D3-BF4B-00C04F79EFBC}") = "PadKeyboard", "PadKeyboard\PadKeyboard.csproj", "{FB6573A9-B24E-443E-B7A7-016CF9E6896E}"
EndProject
Project("{FAE04EC0-301F-11D3-BF4B-00C04F79EFBC}") = "Gods.Data", "Gods.Data\Gods.Data.csproj", "{3CE54396-30E1-41BF-9797-0ED4B2EA0E83}"
EndProject
Project("{FAE04EC0-301F-11D3-BF4B-00C04F79EFBC}") = "Tools", "Tools\Tools.csproj", "{482A0DA1-B849-43CF-9FFF-B0126EAC6C70}"
EndProject
Project("{FAE04EC0-301F-11D3-BF4B-00C04F79EFBC}") = "Gods.Web", "Gods.Web\Gods.Web.csproj", "{A522E914-ED91-4A6B-A15C-78FF07061FB1}"
EndProject
Project("{FAE04EC0-301F-11D3-BF4B-00C04F79EFBC}") = "Gods.Web.Manage", "Gods.Web.Manage\Gods.Web.Manage.csproj", "{E946A7C2-721A-4850-BAC7-EE23E6A838B5}"
EndProject
Project("{FAE04EC0-301F-11D3-BF4B-00C04F79EFBC}") = "Gods.Web.Javascript", "Gods.Web.Javascript\Gods.Web.Javascript.csproj", "{E151A92C-7596-4015-BAB6-5E6469F1BFF3}"
EndProject
Project("{2150E333-8FDC-42A3-9474-1A3956D46DE8}") = "Gods.Me", "Gods.Me", "{92FA4064-8267-469C-AB60-6B9326040CAE}"
EndProject
Project("{FAE04EC0-301F-11D3-BF4B-00C04F79EFBC}") = "Me", "Me\Me.csproj", "{C7ED56FA-750E-4419-BFA7-59725EB50529}"
EndProject
Project("{FAE04EC0-301F-11D3-BF4B-00C04F79EFBC}") = "Me.Inside", "Me.Inside\Me.Inside.csproj", "{6A59A733-595A-4747-8548-8C7D1F14C74B}"
EndProject
Project("{FAE04EC0-301F-11D3-BF4B-00C04F79EFBC}") = "Me.Inside.Real", "Me.Inside.Real\Me.Inside.Real.csproj", "{9A8C5DDA-7F6B-4F0A-973E-0797AAFF8A8A}"
EndProject
Project("{FAE04EC0-301F-11D3-BF4B-00C04F79EFBC}") = "Me.Outside.Real", "Me.Outside.Real\Me.Outside.Real.csproj", "{189ACEB7-C8D9-4D76-B8D9-C1C50B63483B}"
EndProject
Project("{FAE04EC0-301F-11D3-BF4B-00C04F79EFBC}") = "You", "You\You.csproj", "{587EC89F-A812-4221-ABD0-A31B08E7E7A6}"
EndProject
Project("{FAE04EC0-301F-11D3-BF4B-00C04F79EFBC}") = "Me.Outside", "Me.Outside\Me.Outside.csproj", "{A464C0EA-B020-40D3-B77B-E64D3738E72B}"
EndProject
Project("{2150E333-8FDC-42A3-9474-1A3956D46DE8}") = "Test", "Test", "{EB2BFEFB-A0C5-451B-829D-C5DF4B11C73E}"
EndProject
Project("{FAE04EC0-301F-11D3-BF4B-00C04F79EFBC}") = "ConsoleApplication1", "ConsoleApplication1\ConsoleApplication1.csproj", "{C710F3DA-9C16-4801-8B2B-D52720D9F159}"
EndProject
Project("{FAE04EC0-301F-11D3-BF4B-00C04F79EFBC}") = "WebApplication1", "WebApplication1\WebApplication1.csproj", "{5B3236EB-B56A-41E8-BACE-5A45A06D4DEF}"
EndProject
Project("{2150E333-8FDC-42A3-9474-1A3956D46DE8}") = "Other", "Other", "{079B7C3F-F647-4573-896A-8B04871CE47A}"
EndProject
Global
	GlobalSection(SolutionConfigurationPlatforms) = preSolution
		Debug|Any CPU = Debug|Any CPU
		Release|Any CPU = Release|Any CPU
	EndGlobalSection
	GlobalSection(ProjectConfigurationPlatforms) = postSolution
		{FF68FA64-AE6D-4DAB-B0CF-C7675228C61F}.Debug|Any CPU.ActiveCfg = Debug|Any CPU
		{FF68FA64-AE6D-4DAB-B0CF-C7675228C61F}.Debug|Any CPU.Build.0 = Debug|Any CPU
		{FF68FA64-AE6D-4DAB-B0CF-C7675228C61F}.Release|Any CPU.ActiveCfg = Release|Any CPU
		{FF68FA64-AE6D-4DAB-B0CF-C7675228C61F}.Release|Any CPU.Build.0 = Release|Any CPU
		{3260498C-332B-4E21-A2D0-B9ACA7B8C1AA}.Debug|Any CPU.ActiveCfg = Debug|Any CPU
		{3260498C-332B-4E21-A2D0-B9ACA7B8C1AA}.Debug|Any CPU.Build.0 = Debug|Any CPU
		{3260498C-332B-4E21-A2D0-B9ACA7B8C1AA}.Release|Any CPU.ActiveCfg = Release|Any CPU
		{3260498C-332B-4E21-A2D0-B9ACA7B8C1AA}.Release|Any CPU.Build.0 = Release|Any CPU
		{CC8D063D-E023-4950-AAB9-3F0F9F40DB59}.Debug|Any CPU.ActiveCfg = Debug|Any CPU
		{CC8D063D-E023-4950-AAB9-3F0F9F40DB59}.Debug|Any CPU.Build.0 = Debug|Any CPU
		{CC8D063D-E023-4950-AAB9-3F0F9F40DB59}.Release|Any CPU.ActiveCfg = Release|Any CPU
		{CC8D063D-E023-4950-AAB9-3F0F9F40DB59}.Release|Any CPU.Build.0 = Release|Any CPU
		{B3C33718-4533-4885-B7F4-2F7CF187A6CF}.Debug|Any CPU.ActiveCfg = Debug|Any CPU
		{B3C33718-4533-4885-B7F4-2F7CF187A6CF}.Debug|Any CPU.Build.0 = Debug|Any CPU
		{B3C33718-4533-4885-B7F4-2F7CF187A6CF}.Release|Any CPU.ActiveCfg = Release|Any CPU
		{B3C33718-4533-4885-B7F4-2F7CF187A6CF}.Release|Any CPU.Build.0 = Release|Any CPU
		{FB6573A9-B24E-443E-B7A7-016CF9E6896E}.Debug|Any CPU.ActiveCfg = Debug|Any CPU
		{FB6573A9-B24E-443E-B7A7-016CF9E6896E}.Debug|Any CPU.Build.0 = Debug|Any CPU
		{FB6573A9-B24E-443E-B7A7-016CF9E6896E}.Release|Any CPU.ActiveCfg = Release|Any CPU
		{FB6573A9-B24E-443E-B7A7-016CF9E6896E}.Release|Any CPU.Build.0 = Release|Any CPU
		{3CE54396-30E1-41BF-9797-0ED4B2EA0E83}.Debug|Any CPU.ActiveCfg = Debug|Any CPU
		{3CE54396-30E1-41BF-9797-0ED4B2EA0E83}.Debug|Any CPU.Build.0 = Debug|Any CPU
		{3CE54396-30E1-41BF-9797-0ED4B2EA0E83}.Release|Any CPU.ActiveCfg = Release|Any CPU
		{3CE54396-30E1-41BF-9797-0ED4B2EA0E83}.Release|Any CPU.Build.0 = Release|Any CPU
		{482A0DA1-B849-43CF-9FFF-B0126EAC6C70}.Debug|Any CPU.ActiveCfg = Debug|Any CPU
		{482A0DA1-B849-43CF-9FFF-B0126EAC6C70}.Debug|Any CPU.Build.0 = Debug|Any CPU
		{482A0DA1-B849-43CF-9FFF-B0126EAC6C70}.Release|Any CPU.ActiveCfg = Release|Any CPU
		{482A0DA1-B849-43CF-9FFF-B0126EAC6C70}.Release|Any CPU.Build.0 = Release|Any CPU
		{A522E914-ED91-4A6B-A15C-78FF07061FB1}.Debug|Any CPU.ActiveCfg = Debug|Any CPU
		{A522E914-ED91-4A6B-A15C-78FF07061FB1}.Debug|Any CPU.Build.0 = Debug|Any CPU
		{A522E914-ED91-4A6B-A15C-78FF07061FB1}.Release|Any CPU.ActiveCfg = Release|Any CPU
		{A522E914-ED91-4A6B-A15C-78FF07061FB1}.Release|Any CPU.Build.0 = Release|Any CPU
		{E946A7C2-721A-4850-BAC7-EE23E6A838B5}.Debug|Any CPU.ActiveCfg = Debug|Any CPU
		{E946A7C2-721A-4850-BAC7-EE23E6A838B5}.Debug|Any CPU.Build.0 = Debug|Any CPU
		{E946A7C2-721A-4850-BAC7-EE23E6A838B5}.Release|Any CPU.ActiveCfg = Release|Any CPU
		{E946A7C2-721A-4850-BAC7-EE23E6A838B5}.Release|Any CPU.Build.0 = Release|Any CPU
		{E151A92C-7596-4015-BAB6-5E6469F1BFF3}.Debug|Any CPU.ActiveCfg = Debug|Any CPU
		{E151A92C-7596-4015-BAB6-5E6469F1BFF3}.Debug|Any CPU.Build.0 = Debug|Any CPU
		{E151A92C-7596-4015-BAB6-5E6469F1BFF3}.Release|Any CPU.ActiveCfg = Release|Any CPU
		{E151A92C-7596-4015-BAB6-5E6469F1BFF3}.Release|Any CPU.Build.0 = Release|Any CPU
		{C7ED56FA-750E-4419-BFA7-59725EB50529}.Debug|Any CPU.ActiveCfg = Debug|Any CPU
		{C7ED56FA-750E-4419-BFA7-59725EB50529}.Debug|Any CPU.Build.0 = Debug|Any CPU
		{C7ED56FA-750E-4419-BFA7-59725EB50529}.Release|Any CPU.ActiveCfg = Release|Any CPU
		{C7ED56FA-750E-4419-BFA7-59725EB50529}.Release|Any CPU.Build.0 = Release|Any CPU
		{6A59A733-595A-4747-8548-8C7D1F14C74B}.Debug|Any CPU.ActiveCfg = Debug|Any CPU
		{6A59A733-595A-4747-8548-8C7D1F14C74B}.Debug|Any CPU.Build.0 = Debug|Any CPU
		{6A59A733-595A-4747-8548-8C7D1F14C74B}.Release|Any CPU.ActiveCfg = Release|Any CPU
		{6A59A733-595A-4747-8548-8C7D1F14C74B}.Release|Any CPU.Build.0 = Release|Any CPU
		{9A8C5DDA-7F6B-4F0A-973E-0797AAFF8A8A}.Debug|Any CPU.ActiveCfg = Debug|Any CPU
		{9A8C5DDA-7F6B-4F0A-973E-0797AAFF8A8A}.Debug|Any CPU.Build.0 = Debug|Any CPU
		{9A8C5DDA-7F6B-4F0A-973E-0797AAFF8A8A}.Release|Any CPU.ActiveCfg = Release|Any CPU
		{9A8C5DDA-7F6B-4F0A-973E-0797AAFF8A8A}.Release|Any CPU.Build.0 = Release|Any CPU
		{189ACEB7-C8D9-4D76-B8D9-C1C50B63483B}.Debug|Any CPU.ActiveCfg = Debug|Any CPU
		{189ACEB7-C8D9-4D76-B8D9-C1C50B63483B}.Debug|Any CPU.Build.0 = Debug|Any CPU
		{189ACEB7-C8D9-4D76-B8D9-C1C50B63483B}.Release|Any CPU.ActiveCfg = Release|Any CPU
		{189ACEB7-C8D9-4D76-B8D9-C1C50B63483B}.Release|Any CPU.Build.0 = Release|Any CPU
		{587EC89F-A812-4221-ABD0-A31B08E7E7A6}.Debug|Any CPU.ActiveCfg = Debug|Any CPU
		{587EC89F-A812-4221-ABD0-A31B08E7E7A6}.Debug|Any CPU.Build.0 = Debug|Any CPU
		{587EC89F-A812-4221-ABD0-A31B08E7E7A6}.Release|Any CPU.ActiveCfg = Release|Any CPU
		{587EC89F-A812-4221-ABD0-A31B08E7E7A6}.Release|Any CPU.Build.0 = Release|Any CPU
		{A464C0EA-B020-40D3-B77B-E64D3738E72B}.Debug|Any CPU.ActiveCfg = Debug|Any CPU
		{A464C0EA-B020-40D3-B77B-E64D3738E72B}.Debug|Any CPU.Build.0 = Debug|Any CPU
		{A464C0EA-B020-40D3-B77B-E64D3738E72B}.Release|Any CPU.ActiveCfg = Release|Any CPU
		{A464C0EA-B020-40D3-B77B-E64D3738E72B}.Release|Any CPU.Build.0 = Release|Any CPU
		{C710F3DA-9C16-4801-8B2B-D52720D9F159}.Debug|Any CPU.ActiveCfg = Debug|Any CPU
		{C710F3DA-9C16-4801-8B2B-D52720D9F159}.Debug|Any CPU.Build.0 = Debug|Any CPU
		{C710F3DA-9C16-4801-8B2B-D52720D9F159}.Release|Any CPU.ActiveCfg = Release|Any CPU
		{C710F3DA-9C16-4801-8B2B-D52720D9F159}.Release|Any CPU.Build.0 = Release|Any CPU
		{5B3236EB-B56A-41E8-BACE-5A45A06D4DEF}.Debug|Any CPU.ActiveCfg = Debug|Any CPU
		{5B3236EB-B56A-41E8-BACE-5A45A06D4DEF}.Debug|Any CPU.Build.0 = Debug|Any CPU
		{5B3236EB-B56A-41E8-BACE-5A45A06D4DEF}.Release|Any CPU.ActiveCfg = Release|Any CPU
		{5B3236EB-B56A-41E8-BACE-5A45A06D4DEF}.Release|Any CPU.Build.0 = Release|Any CPU
	EndGlobalSection
	GlobalSection(SolutionProperties) = preSolution
		HideSolutionNode = FALSE
	EndGlobalSection
	GlobalSection(NestedProjects) = preSolution
		{FF68FA64-AE6D-4DAB-B0CF-C7675228C61F} = {079B7C3F-F647-4573-896A-8B04871CE47A}
		{3260498C-332B-4E21-A2D0-B9ACA7B8C1AA} = {079B7C3F-F647-4573-896A-8B04871CE47A}
		{FB6573A9-B24E-443E-B7A7-016CF9E6896E} = {079B7C3F-F647-4573-896A-8B04871CE47A}
		{482A0DA1-B849-43CF-9FFF-B0126EAC6C70} = {079B7C3F-F647-4573-896A-8B04871CE47A}
		{C7ED56FA-750E-4419-BFA7-59725EB50529} = {92FA4064-8267-469C-AB60-6B9326040CAE}
		{6A59A733-595A-4747-8548-8C7D1F14C74B} = {92FA4064-8267-469C-AB60-6B9326040CAE}
		{9A8C5DDA-7F6B-4F0A-973E-0797AAFF8A8A} = {92FA4064-8267-469C-AB60-6B9326040CAE}
		{189ACEB7-C8D9-4D76-B8D9-C1C50B63483B} = {92FA4064-8267-469C-AB60-6B9326040CAE}
		{587EC89F-A812-4221-ABD0-A31B08E7E7A6} = {92FA4064-8267-469C-AB60-6B9326040CAE}
		{A464C0EA-B020-40D3-B77B-E64D3738E72B} = {92FA4064-8267-469C-AB60-6B9326040CAE}
		{C710F3DA-9C16-4801-8B2B-D52720D9F159} = {EB2BFEFB-A0C5-451B-829D-C5DF4B11C73E}
		{5B3236EB-B56A-41E8-BACE-5A45A06D4DEF} = {EB2BFEFB-A0C5-451B-829D-C5DF4B11C73E}
	EndGlobalSection
	GlobalSection(ExtensibilityGlobals) = postSolution
		SolutionGuid = {3C7F2DA8-1273-43FE-A94F-2FF42DDBC8D7}
	EndGlobalSection
EndGlobal
