
Microsoft Visual Studio Solution File, Format Version 12.00
# Visual Studio 14
VisualStudioVersion = 14.0.25420.1
MinimumVisualStudioVersion = 10.0.40219.1
Project("{FAE04EC0-301F-11D3-BF4B-00C04F79EFBC}") = "KeyboardSynchronizer", "KeyboardSynchronizer\KeyboardSynchronizer.csproj", "{FF68FA64-AE6D-4DAB-B0CF-C7675228C61F}"
EndProject
Project("{FAE04EC0-301F-11D3-BF4B-00C04F79EFBC}") = "WebThings", "WebThings\WebThings.csproj", "{3260498C-332B-4E21-A2D0-B9ACA7B8C1AA}"
EndProject
Project("{FAE04EC0-301F-11D3-BF4B-00C04F79EFBC}") = "Gods", "Gods\Gods.csproj", "{CC8D063D-E023-4950-AAB9-3F0F9F40DB59}"
EndProject
Project("{FAE04EC0-301F-11D3-BF4B-00C04F79EFBC}") = "Gods.Web", "Gods.Web\Gods.Web.csproj", "{A522E914-ED91-4A6B-A15C-78FF07061FB1}"
EndProject
Project("{FAE04EC0-301F-11D3-BF4B-00C04F79EFBC}") = "Gods.System", "Gods.System\Gods.System.csproj", "{B3C33718-4533-4885-B7F4-2F7CF187A6CF}"
EndProject
Project("{FAE04EC0-301F-11D3-BF4B-00C04F79EFBC}") = "PadKeyboard", "PadKeyboard\PadKeyboard.csproj", "{FB6573A9-B24E-443E-B7A7-016CF9E6896E}"
EndProject
Project("{FAE04EC0-301F-11D3-BF4B-00C04F79EFBC}") = "AllOfMe", "AllOfMe\AllOfMe.csproj", "{2693BB61-B48D-4C71-9FD1-FF38469778C0}"
EndProject
Project("{FAE04EC0-301F-11D3-BF4B-00C04F79EFBC}") = "BLL", "BLL\BLL.csproj", "{AC06168C-C4E0-482D-9BEB-F66058BB4052}"
EndProject
Project("{FAE04EC0-301F-11D3-BF4B-00C04F79EFBC}") = "BLL.V0", "BLL.V0\BLL.V0.csproj", "{8513809D-4E8A-489B-8172-4343C3121BAD}"
EndProject
Project("{FAE04EC0-301F-11D3-BF4B-00C04F79EFBC}") = "Gods.Data", "Gods.Data\Gods.Data.csproj", "{3CE54396-30E1-41BF-9797-0ED4B2EA0E83}"
EndProject
Global
	GlobalSection(SolutionConfigurationPlatforms) = preSolution
		Debug|Any CPU = Debug|Any CPU
		Release|Any CPU = Release|Any CPU
	EndGlobalSection
	GlobalSection(ProjectConfigurationPlatforms) = postSolution
		{FF68FA64-AE6D-4DAB-B0CF-C7675228C61F}.Debug|Any CPU.ActiveCfg = Debug|Any CPU
		{FF68FA64-AE6D-4DAB-B0CF-C7675228C61F}.Debug|Any CPU.Build.0 = Debug|Any CPU
		{FF68FA64-AE6D-4DAB-B0CF-C7675228C61F}.Release|Any CPU.ActiveCfg = Release|Any CPU
		{FF68FA64-AE6D-4DAB-B0CF-C7675228C61F}.Release|Any CPU.Build.0 = Release|Any CPU
		{3260498C-332B-4E21-A2D0-B9ACA7B8C1AA}.Debug|Any CPU.ActiveCfg = Debug|Any CPU
		{3260498C-332B-4E21-A2D0-B9ACA7B8C1AA}.Debug|Any CPU.Build.0 = Debug|Any CPU
		{3260498C-332B-4E21-A2D0-B9ACA7B8C1AA}.Release|Any CPU.ActiveCfg = Release|Any CPU
		{3260498C-332B-4E21-A2D0-B9ACA7B8C1AA}.Release|Any CPU.Build.0 = Release|Any CPU
		{CC8D063D-E023-4950-AAB9-3F0F9F40DB59}.Debug|Any CPU.ActiveCfg = Debug|Any CPU
		{CC8D063D-E023-4950-AAB9-3F0F9F40DB59}.Debug|Any CPU.Build.0 = Debug|Any CPU
		{CC8D063D-E023-4950-AAB9-3F0F9F40DB59}.Release|Any CPU.ActiveCfg = Release|Any CPU
		{CC8D063D-E023-4950-AAB9-3F0F9F40DB59}.Release|Any CPU.Build.0 = Release|Any CPU
		{A522E914-ED91-4A6B-A15C-78FF07061FB1}.Debug|Any CPU.ActiveCfg = Debug|Any CPU
		{A522E914-ED91-4A6B-A15C-78FF07061FB1}.Debug|Any CPU.Build.0 = Debug|Any CPU
		{A522E914-ED91-4A6B-A15C-78FF07061FB1}.Release|Any CPU.ActiveCfg = Release|Any CPU
		{A522E914-ED91-4A6B-A15C-78FF07061FB1}.Release|Any CPU.Build.0 = Release|Any CPU
		{B3C33718-4533-4885-B7F4-2F7CF187A6CF}.Debug|Any CPU.ActiveCfg = Debug|Any CPU
		{B3C33718-4533-4885-B7F4-2F7CF187A6CF}.Debug|Any CPU.Build.0 = Debug|Any CPU
		{B3C33718-4533-4885-B7F4-2F7CF187A6CF}.Release|Any CPU.ActiveCfg = Release|Any CPU
		{B3C33718-4533-4885-B7F4-2F7CF187A6CF}.Release|Any CPU.Build.0 = Release|Any CPU
		{FB6573A9-B24E-443E-B7A7-016CF9E6896E}.Debug|Any CPU.ActiveCfg = Debug|Any CPU
		{FB6573A9-B24E-443E-B7A7-016CF9E6896E}.Debug|Any CPU.Build.0 = Debug|Any CPU
		{FB6573A9-B24E-443E-B7A7-016CF9E6896E}.Release|Any CPU.ActiveCfg = Release|Any CPU
		{FB6573A9-B24E-443E-B7A7-016CF9E6896E}.Release|Any CPU.Build.0 = Release|Any CPU
		{2693BB61-B48D-4C71-9FD1-FF38469778C0}.Debug|Any CPU.ActiveCfg = Debug|Any CPU
		{2693BB61-B48D-4C71-9FD1-FF38469778C0}.Debug|Any CPU.Build.0 = Debug|Any CPU
		{2693BB61-B48D-4C71-9FD1-FF38469778C0}.Release|Any CPU.ActiveCfg = Release|Any CPU
		{2693BB61-B48D-4C71-9FD1-FF38469778C0}.Release|Any CPU.Build.0 = Release|Any CPU
		{AC06168C-C4E0-482D-9BEB-F66058BB4052}.Debug|Any CPU.ActiveCfg = Debug|Any CPU
		{AC06168C-C4E0-482D-9BEB-F66058BB4052}.Debug|Any CPU.Build.0 = Debug|Any CPU
		{AC06168C-C4E0-482D-9BEB-F66058BB4052}.Release|Any CPU.ActiveCfg = Release|Any CPU
		{AC06168C-C4E0-482D-9BEB-F66058BB4052}.Release|Any CPU.Build.0 = Release|Any CPU
		{8513809D-4E8A-489B-8172-4343C3121BAD}.Debug|Any CPU.ActiveCfg = Debug|Any CPU
		{8513809D-4E8A-489B-8172-4343C3121BAD}.Debug|Any CPU.Build.0 = Debug|Any CPU
		{8513809D-4E8A-489B-8172-4343C3121BAD}.Release|Any CPU.ActiveCfg = Release|Any CPU
		{8513809D-4E8A-489B-8172-4343C3121BAD}.Release|Any CPU.Build.0 = Release|Any CPU
		{3CE54396-30E1-41BF-9797-0ED4B2EA0E83}.Debug|Any CPU.ActiveCfg = Debug|Any CPU
		{3CE54396-30E1-41BF-9797-0ED4B2EA0E83}.Debug|Any CPU.Build.0 = Debug|Any CPU
		{3CE54396-30E1-41BF-9797-0ED4B2EA0E83}.Release|Any CPU.ActiveCfg = Release|Any CPU
		{3CE54396-30E1-41BF-9797-0ED4B2EA0E83}.Release|Any CPU.Build.0 = Release|Any CPU
	EndGlobalSection
	GlobalSection(SolutionProperties) = preSolution
		HideSolutionNode = FALSE
	EndGlobalSection
	GlobalSection(ExtensibilityGlobals) = postSolution
		SolutionGuid = {3C7F2DA8-1273-43FE-A94F-2FF42DDBC8D7}
	EndGlobalSection
EndGlobal
